convert:
  cmd: python -m spacy run convert
  script:
    - python scripts/convert.py en assets/cleaned_revised_all.jsonl corpus 60
  deps:
    - path: assets/cleaned_revised_all.jsonl
      md5: 242fc6fed1b7f7c13c42542d2ef5d050
    - path: scripts/convert.py
      md5: 284cd03a4b55184d3b93664dc75a859f
  outs:
    - path: corpus/train.spacy
      md5: 1ec9bbe8a0760361468e81f0dc873d4c
    - path: corpus/dev.spacy
      md5: cf34da60aa995a130e7db3b48402c785
    - path: corpus/test.spacy
      md5: e69f1a883e0319c80c4788b33b11758c
  spacy_version: 3.4.1
  spacy_git_version: 5c2a00cef
create-config:
  cmd: python -m spacy run create-config
  script:
    - python scripts/create_config.py en_core_web_trf ner configs/config.cfg
  deps:
    - path: scripts/create_config.py
      md5: 7d9930659adc39aef19d8b3120e8d87e
  outs:
    - path: configs/config.cfg
      md5: 7d05830b75ca267bbb9a9f1b59836a10
  spacy_version: 3.3.1
  spacy_git_version: 5fb597f77
train:
  cmd: python -m spacy run train
  script:
    - python -m spacy train configs/config.cfg --output training/ --paths.train corpus/train.spacy
      --paths.dev corpus/dev.spacy --gpu-id 0 --components.transformer.model.name
      ../2022_06_05_deidentification_of_student_writing_in_moocs/bin/results/v1
  deps:
    - path: configs/config.cfg
      md5: null
    - path: corpus/train.spacy
      md5: 1ec9bbe8a0760361468e81f0dc873d4c
    - path: corpus/dev.spacy
      md5: cf34da60aa995a130e7db3b48402c785
  outs:
    - path: training/model-best
      md5: 9616c01dc5f316fe26a4e1d96414ad05
  spacy_version: 3.4.1
  spacy_git_version: 5c2a00cef
evaluate:
  cmd: python -m spacy run evaluate
  script:
    - python -m spacy evaluate training/model-best corpus/dev.spacy --output training/metrics.json
      --gpu-id 0
  deps:
    - path: corpus/dev.spacy
      md5: cf34da60aa995a130e7db3b48402c785
    - path: training/model-best
      md5: 9616c01dc5f316fe26a4e1d96414ad05
  outs:
    - path: training/metrics.json
      md5: 7bfbe9453ed040292c0b142ae6604d58
  spacy_version: 3.4.1
  spacy_git_version: 5c2a00cef
visualize-model:
  cmd: python -m spacy run visualize-model
  script:
    - python scripts/visualize_model.py training/model-best "My name is Henrietta.
      This paper was written and developed by Margaret. According to Roland Barthes,
      Methylene is the best chemical." images/example_vis.html
  deps:
    - path: scripts/visualize_model.py
      md5: a8711d5b9a800831c7d60021766b88a6
    - path: training/model-best
      md5: 571b24283dfe62c4ad719e73ff987946
  outs:
    - path: images/example_vis.html
      md5: 07b03f3565259018ce3a9a18c82916df
  spacy_version: 3.3.1
  spacy_git_version: 5fb597f77
init:
  cmd: python -m spacy run init
  script:
    - python -m spacy init labels configs/config.cfg corpus/labels --verbose --gpu-id
      0 --paths.train corpus/train.spacy --paths.dev corpus/dev.spacy
  deps:
    - path: configs/config.cfg
      md5: 140c5ded099325bca8e2b0bd3bb00624
  outs:
    - path: corpus/labels/ner.json
      md5: 3a0a768826d6b14d0668db8bffd856ae
    - path: corpus/labels/parser.json
      md5: 940f2149459c98063e2ee980834823c4
    - path: corpus/labels/tagger.json
      md5: 362d5efb2c2fd0a7cb97cce10a8cf4b6
  spacy_version: 3.3.1
  spacy_git_version: 5fb597f77
