convert:
  cmd: python -m spacy run convert
  script:
    - python scripts/convert.py en assets/cleaned_revised_all.jsonl corpus/ 60
  deps:
    - path: assets/cleaned_revised_all.jsonl
      md5: 5c446b307029fbee3420dcd56f894a0f
    - path: scripts/convert.py
      md5: e8b364c82bda084d9d61e4aea64d3344
  outs:
    - path: corpus/train.spacy
      md5: fd185ead6b809f5b55d4a509483195a2
    - path: corpus/dev.spacy
      md5: 62e709abe9dfe94b27fffbf7a23d832f
    - path: corpus/test.spacy
      md5: f8f92fab9236e147e4cb6ae8fc328950
  spacy_version: 3.4.1
  spacy_git_version: 5c2a00cef
create-config:
  cmd: python -m spacy run create-config
  script:
    - python scripts/create_config.py en_core_web_trf ner configs/config.cfg
  deps:
    - path: scripts/create_config.py
      md5: 7d9930659adc39aef19d8b3120e8d87e
  outs:
    - path: configs/config.cfg
      md5: 7d05830b75ca267bbb9a9f1b59836a10
  spacy_version: 3.3.1
  spacy_git_version: 5fb597f77
train:
  cmd: python -m spacy run train
  script:
    - python -m spacy train configs/config.cfg --output training/ --paths.train corpus/train.spacy
      --paths.dev corpus/dev.spacy --gpu-id 0
  deps:
    - path: configs/config.cfg
      md5: 5d44fd80fced7429f32c47176015b977
    - path: corpus/train.spacy
      md5: 109ae24857130f101a13ef3c30db6ff9
    - path: corpus/dev.spacy
      md5: 62e709abe9dfe94b27fffbf7a23d832f
  outs:
    - path: training/model-best
      md5: fe79339295a2aff636c90fe258bf3a65
  spacy_version: 3.3.1
  spacy_git_version: 5fb597f77
evaluate:
  cmd: python -m spacy run evaluate
  script:
    - python -m spacy evaluate training/model-best corpus/dev.spacy --output training/metrics.json
      --gpu-id 0
  deps:
    - path: corpus/dev.spacy
      md5: 62e709abe9dfe94b27fffbf7a23d832f
    - path: training/model-best
      md5: 9a8a3df27d1138efebdca7589e4e59c6
  outs:
    - path: training/metrics.json
      md5: 507dc58034d4abc3823f21a57a68d656
  spacy_version: 3.3.1
  spacy_git_version: 5fb597f77
visualize-model:
  cmd: python -m spacy run visualize-model
  script:
    - python scripts/visualize_model.py training/model-best "My name is Henrietta.
      This paper was written and developed by Margaret. According to Roland Barthes,
      Methylene is the best chemical." images/example_vis.html
  deps:
    - path: scripts/visualize_model.py
      md5: a8711d5b9a800831c7d60021766b88a6
    - path: training/model-best
      md5: 571b24283dfe62c4ad719e73ff987946
  outs:
    - path: images/example_vis.html
      md5: 07b03f3565259018ce3a9a18c82916df
  spacy_version: 3.3.1
  spacy_git_version: 5fb597f77
init:
  cmd: python -m spacy run init
  script:
    - python -m spacy init labels configs/config.cfg corpus/labels --verbose --gpu-id
      0 --paths.train corpus/train.spacy --paths.dev corpus/dev.spacy
  deps:
    - path: configs/config.cfg
      md5: 140c5ded099325bca8e2b0bd3bb00624
  outs:
    - path: corpus/labels/ner.json
      md5: 3a0a768826d6b14d0668db8bffd856ae
    - path: corpus/labels/parser.json
      md5: 940f2149459c98063e2ee980834823c4
    - path: corpus/labels/tagger.json
      md5: 362d5efb2c2fd0a7cb97cce10a8cf4b6
  spacy_version: 3.3.1
  spacy_git_version: 5fb597f77
